
Microsoft Visual Studio Solution File, Format Version 12.00
# Visual Studio Version 17
VisualStudioVersion = 17.7.34031.279
MinimumVisualStudioVersion = 10.0.40219.1
Project("{FAE04EC0-301F-11D3-BF4B-00C04F79EFBC}") = "ConnecCodeBlazorServer", "ConnecCodeBlazorServer\ConnecCodeBlazorServer.csproj", "{83466942-082B-48C9-B80A-38C99CFF632F}"
EndProject
Global
	GlobalSection(SolutionConfigurationPlatforms) = preSolution
		Debug|Any CPU = Debug|Any CPU
		Release|Any CPU = Release|Any CPU
	EndGlobalSection
	GlobalSection(ProjectConfigurationPlatforms) = postSolution
		{83466942-082B-48C9-B80A-38C99CFF632F}.Debug|Any CPU.ActiveCfg = Debug|Any CPU
		{83466942-082B-48C9-B80A-38C99CFF632F}.Debug|Any CPU.Build.0 = Debug|Any CPU
		{83466942-082B-48C9-B80A-38C99CFF632F}.Release|Any CPU.ActiveCfg = Release|Any CPU
		{83466942-082B-48C9-B80A-38C99CFF632F}.Release|Any CPU.Build.0 = Release|Any CPU
	EndGlobalSection
	GlobalSection(SolutionProperties) = preSolution
		HideSolutionNode = FALSE
	EndGlobalSection
	GlobalSection(ExtensibilityGlobals) = postSolution
		SolutionGuid = {24CAEB26-2CA4-4289-83A6-098CFC767949}
	EndGlobalSection
EndGlobal
